
Microsoft Visual Studio Solution File, Format Version 12.00
# Visual Studio 15
VisualStudioVersion = 15.0.28010.2016
MinimumVisualStudioVersion = 10.0.40219.1
Project("{FAE04EC0-301F-11D3-BF4B-00C04F79EFBC}") = "OverloadingVersion", "OverloadingVersion\OverloadingVersion.csproj", "{A9403952-205B-4B62-AE96-71BB22075864}"
EndProject
Global
	GlobalSection(SolutionConfigurationPlatforms) = preSolution
		Debug|Any CPU = Debug|Any CPU
		Release|Any CPU = Release|Any CPU
	EndGlobalSection
	GlobalSection(ProjectConfigurationPlatforms) = postSolution
		{A9403952-205B-4B62-AE96-71BB22075864}.Debug|Any CPU.ActiveCfg = Debug|Any CPU
		{A9403952-205B-4B62-AE96-71BB22075864}.Debug|Any CPU.Build.0 = Debug|Any CPU
		{A9403952-205B-4B62-AE96-71BB22075864}.Release|Any CPU.ActiveCfg = Release|Any CPU
		{A9403952-205B-4B62-AE96-71BB22075864}.Release|Any CPU.Build.0 = Release|Any CPU
	EndGlobalSection
	GlobalSection(SolutionProperties) = preSolution
		HideSolutionNode = FALSE
	EndGlobalSection
	GlobalSection(ExtensibilityGlobals) = postSolution
		SolutionGuid = {C84F0DB0-3E40-48E4-9693-0DB79C430E66}
	EndGlobalSection
EndGlobal
