
Microsoft Visual Studio Solution File, Format Version 12.00
# Visual Studio 15
VisualStudioVersion = 15.0.28010.2016
MinimumVisualStudioVersion = 10.0.40219.1
Project("{FAE04EC0-301F-11D3-BF4B-00C04F79EFBC}") = "BaseClassMethod", "BaseClassMethod\BaseClassMethod.csproj", "{02806DC7-95FF-45CD-9D8F-4854E6C2A858}"
EndProject
Global
	GlobalSection(SolutionConfigurationPlatforms) = preSolution
		Debug|Any CPU = Debug|Any CPU
		Release|Any CPU = Release|Any CPU
	EndGlobalSection
	GlobalSection(ProjectConfigurationPlatforms) = postSolution
		{02806DC7-95FF-45CD-9D8F-4854E6C2A858}.Debug|Any CPU.ActiveCfg = Debug|Any CPU
		{02806DC7-95FF-45CD-9D8F-4854E6C2A858}.Debug|Any CPU.Build.0 = Debug|Any CPU
		{02806DC7-95FF-45CD-9D8F-4854E6C2A858}.Release|Any CPU.ActiveCfg = Release|Any CPU
		{02806DC7-95FF-45CD-9D8F-4854E6C2A858}.Release|Any CPU.Build.0 = Release|Any CPU
	EndGlobalSection
	GlobalSection(SolutionProperties) = preSolution
		HideSolutionNode = FALSE
	EndGlobalSection
	GlobalSection(ExtensibilityGlobals) = postSolution
		SolutionGuid = {7F99D43B-B5BB-419C-A03E-0F409A18F0E2}
	EndGlobalSection
EndGlobal
